{
  "name": "oxDb",
  "version": "1.0.0",
  "lockfileVersion": 2,
  "requires": true,
  "packages": {
    "": {
      "name": "oxDb",
      "version": "1.0.0",
      "dependencies": {
        "oxDb": "github:ecoefficiencies-debug/oxDb#main"
      }
    },
    "node_modules/oxDb": {
      "version": "1.0.0",
      "resolved": "git+ssh://git@github.com/ecoefficiencies-debug/oxDb.git#aeea645981bbd808b78af555836d73c9d1ba45f7",
      "dependencies": {
        "oxDb": "github:ecoefficiencies-debug/oxDb#main"
      }
    }
  },
  "dependencies": {
    "oxDb": {
      "version": "git+ssh://git@github.com/ecoefficiencies-debug/oxDb.git#aeea645981bbd808b78af555836d73c9d1ba45f7",
      "from": "oxDb@github:ecoefficiencies-debug/oxDb#main",
      "requires": {
        "oxDb": "github:ecoefficiencies-debug/oxDb#main"
      }
    }
  }
}
